PODS:
  - GDChannel (0.5.5):
    - GDJson (~> 0.5)
    - SocketRocket (~> 0.3.1-beta2)
  - GDJson (0.5.5):
    - J2ObjC (~> 0.8)
  - J2ObjC (0.9):
    - J2ObjC/lib/jre
  - J2ObjC/lib/jre (0.9)
  - SocketRocket (0.3.1-beta2)

DEPENDENCIES:
  - GDChannel (from `..`)
  - GDJson (from `https://github.com/goodow/realtime-json.git`)

EXTERNAL SOURCES:
  GDChannel:
    :path: ..
  GDJson:
    :git: https://github.com/goodow/realtime-json.git

SPEC CHECKSUMS:
  GDChannel: d891ab12512381cbc274a40d515e1889a26c80f8
  GDJson: 30bdbae9abedc68fcb589b7d6dae0fd0804aa982
  J2ObjC: 45d67e0e2ab5c3c0befbcac6f515dade0e8f5d78
  SocketRocket: 7ac946bcce46287a791dfff3c1f8daa692821dae

COCOAPODS: 0.29.0
