PODS:
  - GDChannel (0.5.0):
    - GDJson (~> 0.5.0)
    - SocketRocket (~> 0.3.1-beta2)
  - GDJson (0.5.0):
    - J2ObjC (~> 0.8.8)
  - J2ObjC (0.8.8):
    - J2ObjC/lib/jre
  - J2ObjC/lib/jre (0.8.8)
  - SocketRocket (0.3.1-beta2)

DEPENDENCIES:
  - GDChannel (from `..`)

EXTERNAL SOURCES:
  GDChannel:
    :path: ..

SPEC CHECKSUMS:
  GDChannel: 9da3f3ba782d825ea4f4f5a27d88f5183327d8dc
  GDJson: 8b3238242bc2342fc34b123c767c09732cc65d7a
  J2ObjC: eed03a6ebf1a8c0fb1ed15d5edbded36959366dd
  SocketRocket: 7ac946bcce46287a791dfff3c1f8daa692821dae

COCOAPODS: 0.29.0
